
Microsoft Visual Studio Solution File, Format Version 11.00
# Visual Studio 2010
Project("{FAE04EC0-301F-11D3-BF4B-00C04F79EFBC}") = "rolermadness", "Assembly-CSharp.csproj", "{4BE34A60-69A7-3169-5678-77CF4022660B}"
EndProject
Project("{FAE04EC0-301F-11D3-BF4B-00C04F79EFBC}") = "rolermadness", "Assembly-CSharp-firstpass.csproj", "{0F5B4A9E-0589-9024-95BE-C514726D6CCE}"
EndProject
Project("{FAE04EC0-301F-11D3-BF4B-00C04F79EFBC}") = "rolermadness", "Assembly-CSharp-Editor-firstpass.csproj", "{7AEAA377-454F-F873-B837-6B7F8F180A20}"
EndProject
Global
	GlobalSection(SolutionConfigurationPlatforms) = preSolution
		Debug|Any CPU = Debug|Any CPU
		Release|Any CPU = Release|Any CPU
	EndGlobalSection
	GlobalSection(ProjectConfigurationPlatforms) = postSolution
		{4BE34A60-69A7-3169-5678-77CF4022660B}.Debug|Any CPU.ActiveCfg = Debug|Any CPU
		{4BE34A60-69A7-3169-5678-77CF4022660B}.Debug|Any CPU.Build.0 = Debug|Any CPU
		{4BE34A60-69A7-3169-5678-77CF4022660B}.Release|Any CPU.ActiveCfg = Release|Any CPU
		{4BE34A60-69A7-3169-5678-77CF4022660B}.Release|Any CPU.Build.0 = Release|Any CPU
		{0F5B4A9E-0589-9024-95BE-C514726D6CCE}.Debug|Any CPU.ActiveCfg = Debug|Any CPU
		{0F5B4A9E-0589-9024-95BE-C514726D6CCE}.Debug|Any CPU.Build.0 = Debug|Any CPU
		{0F5B4A9E-0589-9024-95BE-C514726D6CCE}.Release|Any CPU.ActiveCfg = Release|Any CPU
		{0F5B4A9E-0589-9024-95BE-C514726D6CCE}.Release|Any CPU.Build.0 = Release|Any CPU
		{7AEAA377-454F-F873-B837-6B7F8F180A20}.Debug|Any CPU.ActiveCfg = Debug|Any CPU
		{7AEAA377-454F-F873-B837-6B7F8F180A20}.Debug|Any CPU.Build.0 = Debug|Any CPU
		{7AEAA377-454F-F873-B837-6B7F8F180A20}.Release|Any CPU.ActiveCfg = Release|Any CPU
		{7AEAA377-454F-F873-B837-6B7F8F180A20}.Release|Any CPU.Build.0 = Release|Any CPU
	EndGlobalSection
	GlobalSection(SolutionProperties) = preSolution
		HideSolutionNode = FALSE
	EndGlobalSection
	GlobalSection(MonoDevelopProperties) = preSolution
		StartupItem = Assembly-CSharp.csproj
	EndGlobalSection
EndGlobal
